{
  "name": "jobrecruita",
  "lockfileVersion": 3,
  "requires": true,
  "packages": {
    "": {
      "name": "jobrecruita",
      "engines": {
        "node": ">=18.18.0"
      }
    },
    "apps/backend": {
      "name": "jobrecruita-backend",
      "version": "1.0.0",
      "extraneous": true,
      "dependencies": {
        "@nestjs/common": "^10.0.0",
        "@nestjs/core": "^10.0.0",
        "@nestjs/platform-express": "^10.0.0",
        "@prisma/client": "^5.0.0",
        "reflect-metadata": "^0.1.13",
        "rxjs": "^7.8.0"
      },
      "devDependencies": {
        "@nestjs/cli": "^10.0.0",
        "@nestjs/schematics": "^10.0.0",
        "@nestjs/testing": "^10.0.0",
        "@types/express": "^4.17.17",
        "@types/node": "^20.0.0",
        "@typescript-eslint/eslint-plugin": "^7.18.0",
        "@typescript-eslint/parser": "^7.18.0",
        "eslint": "^8.57.0",
        "eslint-config-prettier": "^9.1.0",
        "prettier": "^3.3.3",
        "prisma": "^5.0.0",
        "ts-node": "^10.0.0",
        "typescript": "^5.0.0"
      }
    },
    "apps/mobile": {
      "version": "1.0.0",
      "extraneous": true,
      "license": "ISC",
      "dependencies": {
        "expo": "^54.0.32",
        "expo-router": "~6.0.22",
        "react-native-web": "^0.21.0"
      }
    },
    "apps/web": {
      "name": "jobrecruita-web",
      "version": "1.0.0",
      "extraneous": true,
      "dependencies": {
        "axios": "^1.13.2",
        "chart.js": "^4.5.1",
        "framer-motion": "^12.29.0",
        "lucide-react": "^0.563.0",
        "next": "^16.1.6",
        "react": "^18.3.1",
        "react-chartjs-2": "^5.3.1",
        "react-dom": "^18.3.1"
      },
      "devDependencies": {
        "@types/node": "^20.17.17",
        "@types/react": "^18.3.12",
        "@types/react-dom": "^18.3.1",
        "autoprefixer": "^10.4.21",
        "eslint": "^8.57.0",
        "eslint-config-next": "^16.1.6",
        "postcss": "^8.4.40",
        "prettier": "^3.3.3",
        "prettier-plugin-tailwindcss": "^0.6.11",
        "tailwindcss": "^3.4.10",
        "typescript": "^5.6.3"
      }
    }
  }
}
